
Microsoft Visual Studio Solution File, Format Version 12.00
# Visual Studio Version 17
VisualStudioVersion = 17.6.33815.320
MinimumVisualStudioVersion = 10.0.40219.1
Project("{FAE04EC0-301F-11D3-BF4B-00C04F79EFBC}") = "BindingListConsoleApp", "BindingListConsoleApp\BindingListConsoleApp.csproj", "{EC1576CE-B647-49A4-AEF0-9E8C8844AC6E}"
EndProject
Global
	GlobalSection(SolutionConfigurationPlatforms) = preSolution
		Debug|Any CPU = Debug|Any CPU
		Release|Any CPU = Release|Any CPU
	EndGlobalSection
	GlobalSection(ProjectConfigurationPlatforms) = postSolution
		{EC1576CE-B647-49A4-AEF0-9E8C8844AC6E}.Debug|Any CPU.ActiveCfg = Debug|Any CPU
		{EC1576CE-B647-49A4-AEF0-9E8C8844AC6E}.Debug|Any CPU.Build.0 = Debug|Any CPU
		{EC1576CE-B647-49A4-AEF0-9E8C8844AC6E}.Release|Any CPU.ActiveCfg = Release|Any CPU
		{EC1576CE-B647-49A4-AEF0-9E8C8844AC6E}.Release|Any CPU.Build.0 = Release|Any CPU
	EndGlobalSection
	GlobalSection(SolutionProperties) = preSolution
		HideSolutionNode = FALSE
	EndGlobalSection
	GlobalSection(ExtensibilityGlobals) = postSolution
		SolutionGuid = {31660D08-C83E-4340-80E1-D193C90B1C97}
	EndGlobalSection
EndGlobal
